
Microsoft Visual Studio Solution File, Format Version 11.00
# Visual C# Express 2010
Project("{FAE04EC0-301F-11D3-BF4B-00C04F79EFBC}") = "d20 SRD Spell Lists", "d20 SRD Spell Lists.csproj", "{F550B743-1937-4295-9AA2-770F5E0D1FDC}"
EndProject
Global
	GlobalSection(SolutionConfigurationPlatforms) = preSolution
		Debug|x86 = Debug|x86
		Release|x86 = Release|x86
	EndGlobalSection
	GlobalSection(ProjectConfigurationPlatforms) = postSolution
		{F550B743-1937-4295-9AA2-770F5E0D1FDC}.Debug|x86.ActiveCfg = Debug|x86
		{F550B743-1937-4295-9AA2-770F5E0D1FDC}.Debug|x86.Build.0 = Debug|x86
		{F550B743-1937-4295-9AA2-770F5E0D1FDC}.Release|x86.ActiveCfg = Release|x86
		{F550B743-1937-4295-9AA2-770F5E0D1FDC}.Release|x86.Build.0 = Release|x86
	EndGlobalSection
	GlobalSection(SolutionProperties) = preSolution
		HideSolutionNode = FALSE
	EndGlobalSection
EndGlobal
